
Microsoft Visual Studio Solution File, Format Version 12.00
# Visual Studio Version 17
VisualStudioVersion = 17.3.32929.385
MinimumVisualStudioVersion = 10.0.40219.1
Project("{FAE04EC0-301F-11D3-BF4B-00C04F79EFBC}") = "Return", "Return\Return.csproj", "{BCF6612F-B501-42AE-B1DB-85DC0AEFB460}"
EndProject
Global
	GlobalSection(SolutionConfigurationPlatforms) = preSolution
		Debug|Any CPU = Debug|Any CPU
		Release|Any CPU = Release|Any CPU
	EndGlobalSection
	GlobalSection(ProjectConfigurationPlatforms) = postSolution
		{BCF6612F-B501-42AE-B1DB-85DC0AEFB460}.Debug|Any CPU.ActiveCfg = Debug|Any CPU
		{BCF6612F-B501-42AE-B1DB-85DC0AEFB460}.Debug|Any CPU.Build.0 = Debug|Any CPU
		{BCF6612F-B501-42AE-B1DB-85DC0AEFB460}.Release|Any CPU.ActiveCfg = Release|Any CPU
		{BCF6612F-B501-42AE-B1DB-85DC0AEFB460}.Release|Any CPU.Build.0 = Release|Any CPU
	EndGlobalSection
	GlobalSection(SolutionProperties) = preSolution
		HideSolutionNode = FALSE
	EndGlobalSection
	GlobalSection(ExtensibilityGlobals) = postSolution
		SolutionGuid = {C76F8E07-2849-4458-91E0-7C04AB5E2E47}
	EndGlobalSection
EndGlobal
